
Microsoft Visual Studio Solution File, Format Version 11.00
# Visual Studio 2010
Project("{FAE04EC0-301F-11D3-BF4B-00C04F79EFBC}") = "MarkerlessAR", "Assembly-CSharp-firstpass.csproj", "{AC1B9472-0A9D-2CBE-BA69-2A19D92B1E99}"
EndProject
Project("{FAE04EC0-301F-11D3-BF4B-00C04F79EFBC}") = "MarkerlessAR", "Assembly-CSharp.csproj", "{5905D334-C8CD-3D9F-D01D-928074BBBC22}"
EndProject
Project("{FAE04EC0-301F-11D3-BF4B-00C04F79EFBC}") = "MarkerlessAR", "Assembly-CSharp-Editor-firstpass.csproj", "{D89F8020-C6A3-8F51-192D-197D48322F96}"
EndProject
Global
	GlobalSection(SolutionConfigurationPlatforms) = preSolution
		Debug|Any CPU = Debug|Any CPU
		Release|Any CPU = Release|Any CPU
	EndGlobalSection
	GlobalSection(ProjectConfigurationPlatforms) = postSolution
		{AC1B9472-0A9D-2CBE-BA69-2A19D92B1E99}.Debug|Any CPU.ActiveCfg = Debug|Any CPU
		{AC1B9472-0A9D-2CBE-BA69-2A19D92B1E99}.Debug|Any CPU.Build.0 = Debug|Any CPU
		{AC1B9472-0A9D-2CBE-BA69-2A19D92B1E99}.Release|Any CPU.ActiveCfg = Release|Any CPU
		{AC1B9472-0A9D-2CBE-BA69-2A19D92B1E99}.Release|Any CPU.Build.0 = Release|Any CPU
		{5905D334-C8CD-3D9F-D01D-928074BBBC22}.Debug|Any CPU.ActiveCfg = Debug|Any CPU
		{5905D334-C8CD-3D9F-D01D-928074BBBC22}.Debug|Any CPU.Build.0 = Debug|Any CPU
		{5905D334-C8CD-3D9F-D01D-928074BBBC22}.Release|Any CPU.ActiveCfg = Release|Any CPU
		{5905D334-C8CD-3D9F-D01D-928074BBBC22}.Release|Any CPU.Build.0 = Release|Any CPU
		{D89F8020-C6A3-8F51-192D-197D48322F96}.Debug|Any CPU.ActiveCfg = Debug|Any CPU
		{D89F8020-C6A3-8F51-192D-197D48322F96}.Debug|Any CPU.Build.0 = Debug|Any CPU
		{D89F8020-C6A3-8F51-192D-197D48322F96}.Release|Any CPU.ActiveCfg = Release|Any CPU
		{D89F8020-C6A3-8F51-192D-197D48322F96}.Release|Any CPU.Build.0 = Release|Any CPU
	EndGlobalSection
	GlobalSection(SolutionProperties) = preSolution
		HideSolutionNode = FALSE
	EndGlobalSection
	GlobalSection(MonoDevelopProperties) = preSolution
		StartupItem = Assembly-CSharp.csproj
	EndGlobalSection
EndGlobal
